{
    "_readme": [
        "This file locks the dependencies of your project to a known state",
        "Read more about it at http://getcomposer.org/doc/01-basic-usage.md#composer-lock-the-lock-file"
    ],
    "hash": "9ee870dbd566fff90d5b9c195da1a0a5",
    "packages": [
        {
            "name": "sofadesign/limonade",
            "version": "dev-master",
            "source": {
                "type": "git",
                "url": "https://github.com/sofadesign/limonade.git",
                "reference": "334fa42f8ed202cbbbd84a43e529666d4fc30e4e"
            },
            "dist": {
                "type": "zip",
                "url": "https://api.github.com/repos/sofadesign/limonade/zipball/334fa42f8ed202cbbbd84a43e529666d4fc30e4e",
                "reference": "334fa42f8ed202cbbbd84a43e529666d4fc30e4e",
                "shasum": ""
            },
            "type": "library",
            "autoload": {
                "files": [
                    "lib/limonade.php"
                ]
            },
            "notification-url": "https://packagist.org/downloads/",
            "description": "a PHP micro-framework",
            "homepage": "https://github.com/sofadesign/limonade",
            "keywords": [
                "microframework"
            ],
            "time": "2013-05-13 18:31:17"
        },
        {
            "name": "twig/twig",
            "version": "v1.10.0",
            "source": {
                "type": "git",
                "url": "https://github.com/fabpot/Twig.git",
                "reference": "60e91ba6918170ada88c66501af85d7c10b94a13"
            },
            "dist": {
                "type": "zip",
                "url": "https://api.github.com/repos/fabpot/Twig/zipball/60e91ba6918170ada88c66501af85d7c10b94a13",
                "reference": "60e91ba6918170ada88c66501af85d7c10b94a13",
                "shasum": ""
            },
            "require": {
                "php": ">=5.2.4"
            },
            "type": "library",
            "extra": {
                "branch-alias": {
                    "dev-master": "1.10-dev"
                }
            },
            "autoload": {
                "psr-0": {
                    "Twig_": "lib/"
                }
            },
            "notification-url": "https://packagist.org/downloads/",
            "license": [
                "BSD-3"
            ],
            "authors": [
                {
                    "name": "Fabien Potencier",
                    "email": "fabien@symfony.com"
                },
                {
                    "name": "Armin Ronacher",
                    "email": "armin.ronacher@active-4.com"
                }
            ],
            "description": "Twig, the flexible, fast, and secure template language for PHP",
            "homepage": "http://twig.sensiolabs.org",
            "keywords": [
                "templating"
            ],
            "time": "2012-09-28 20:11:39"
        },
        {
            "name": "wodk/wodk",
            "version": "v1.1.0",
            "source": {
                "type": "git",
                "url": "https://github.com/wilsonodk/wodk",
                "reference": "35bb0265e0d227eafc3fbf0dc8f33c6bd47d93e1"
            },
            "type": "library",
            "autoload": {
                "psr-0": {
                    "Wodk_": "lib/"
                }
            },
            "authors": [
                {
                    "name": "Wilson Wise",
                    "email": "wilson@odk.com",
                    "homepage": "http://wilson.odk.com",
                    "role": "Developer"
                }
            ],
            "keywords": [
                "database",
                "logger",
                "mysqli",
                "twig",
                "wodk"
            ],
            "support": {
                "email": "wilson@odk.com",
                "issues": "https://github.com/wilsonodk/wodk/issues"
            },
            "time": "2013-10-21 17:04:14"
        }
    ],
    "packages-dev": [

    ],
    "aliases": [

    ],
    "minimum-stability": "stable",
    "stability-flags": {
        "sofadesign/limonade": 20
    },
    "platform": [

    ],
    "platform-dev": [

    ]
}
